
Microsoft Visual Studio Solution File, Format Version 12.00
Project("{FAE04EC0-301F-11D3-BF4B-00C04F79EFBC}") = "ECommerce", "ECommerce\ECommerce.csproj", "{9B06C25E-09E2-4640-82CF-C7CEAB6CB191}"
EndProject
Global
	GlobalSection(SolutionConfigurationPlatforms) = preSolution
		Debug|Any CPU = Debug|Any CPU
		Release|Any CPU = Release|Any CPU
	EndGlobalSection
	GlobalSection(ProjectConfigurationPlatforms) = postSolution
		{9B06C25E-09E2-4640-82CF-C7CEAB6CB191}.Debug|Any CPU.ActiveCfg = Debug|Any CPU
		{9B06C25E-09E2-4640-82CF-C7CEAB6CB191}.Debug|Any CPU.Build.0 = Debug|Any CPU
		{9B06C25E-09E2-4640-82CF-C7CEAB6CB191}.Release|Any CPU.ActiveCfg = Release|Any CPU
		{9B06C25E-09E2-4640-82CF-C7CEAB6CB191}.Release|Any CPU.Build.0 = Release|Any CPU
	EndGlobalSection
EndGlobal
